
Microsoft Visual Studio Solution File, Format Version 12.00
# Visual Studio Version 16
VisualStudioVersion = 16.0.29519.181
MinimumVisualStudioVersion = 10.0.40219.1
Project("{9A19103F-16F7-4668-BE54-9A1E7A4F7556}") = "Lab_Work_3", "Lab_Work_3\Lab_Work_3.csproj", "{B5A58241-AB06-4A65-8423-ED0DD4A81961}"
EndProject
Project("{9A19103F-16F7-4668-BE54-9A1E7A4F7556}") = "Lab_Work_2", "Lab_Work_2\Lab_Work_2.csproj", "{B6658182-E6C6-45E1-ADEC-3582D0A9B82A}"
EndProject
Global
	GlobalSection(SolutionConfigurationPlatforms) = preSolution
		Debug|Any CPU = Debug|Any CPU
		Release|Any CPU = Release|Any CPU
	EndGlobalSection
	GlobalSection(ProjectConfigurationPlatforms) = postSolution
		{B5A58241-AB06-4A65-8423-ED0DD4A81961}.Debug|Any CPU.ActiveCfg = Debug|Any CPU
		{B5A58241-AB06-4A65-8423-ED0DD4A81961}.Debug|Any CPU.Build.0 = Debug|Any CPU
		{B5A58241-AB06-4A65-8423-ED0DD4A81961}.Release|Any CPU.ActiveCfg = Release|Any CPU
		{B5A58241-AB06-4A65-8423-ED0DD4A81961}.Release|Any CPU.Build.0 = Release|Any CPU
		{B6658182-E6C6-45E1-ADEC-3582D0A9B82A}.Debug|Any CPU.ActiveCfg = Debug|Any CPU
		{B6658182-E6C6-45E1-ADEC-3582D0A9B82A}.Debug|Any CPU.Build.0 = Debug|Any CPU
		{B6658182-E6C6-45E1-ADEC-3582D0A9B82A}.Release|Any CPU.ActiveCfg = Release|Any CPU
		{B6658182-E6C6-45E1-ADEC-3582D0A9B82A}.Release|Any CPU.Build.0 = Release|Any CPU
	EndGlobalSection
	GlobalSection(SolutionProperties) = preSolution
		HideSolutionNode = FALSE
	EndGlobalSection
	GlobalSection(ExtensibilityGlobals) = postSolution
		SolutionGuid = {F94DD6B5-E896-4340-9178-E18BDAA5F0C3}
	EndGlobalSection
EndGlobal
